// !$*UTF8*$!
{
	archiveVersion = 1;
	classes = {
	};
	objectVersion = 56;
	objects = {

/* Begin PBXBuildFile section */
		2526898889B15BB58E112C81 /* Pods_Currency.framework in Frameworks */ = {isa = PBXBuildFile; fileRef = 1279AE37FD324D188F4B2E18 /* Pods_Currency.framework */; };
		3ECF4004DADCE551CE7361F6 /* Pods_CurrencyTests.framework in Frameworks */ = {isa = PBXBuildFile; fileRef = 05A455C44A89D6D7C5D5FE3C /* Pods_CurrencyTests.framework */; };
		6A23A8839E93BE5546E4E821 /* Pods_Currency_CurrencyUITests.framework in Frameworks */ = {isa = PBXBuildFile; fileRef = 8BC659B9BD7BFC3E477CF80D /* Pods_Currency_CurrencyUITests.framework */; };
		7B60F50A2A28FD4A009063DD /* ConvertCourrencyViewModel.swift in Sources */ = {isa = PBXBuildFile; fileRef = 7B60F5092A28FD4A009063DD /* ConvertCourrencyViewModel.swift */; };
		7B60F50E2A28FDF5009063DD /* ApiClient.swift in Sources */ = {isa = PBXBuildFile; fileRef = 7B60F50D2A28FDF5009063DD /* ApiClient.swift */; };
		7B60F5102A28FE1F009063DD /* EndPoints.swift in Sources */ = {isa = PBXBuildFile; fileRef = 7B60F50F2A28FE1F009063DD /* EndPoints.swift */; };
		7B60F5122A28FF2B009063DD /* ConvertCourrencyModel.swift in Sources */ = {isa = PBXBuildFile; fileRef = 7B60F5112A28FF2B009063DD /* ConvertCourrencyModel.swift */; };
		7BA49EDC2A28084700800927 /* ConvertCourrency.storyboard in Resources */ = {isa = PBXBuildFile; fileRef = 7BA49EDB2A28084700800927 /* ConvertCourrency.storyboard */; };
		7BDB1DFF2A27D80B00FCB41E /* AppDelegate.swift in Sources */ = {isa = PBXBuildFile; fileRef = 7BDB1DFE2A27D80B00FCB41E /* AppDelegate.swift */; };
		7BDB1E012A27D80C00FCB41E /* SceneDelegate.swift in Sources */ = {isa = PBXBuildFile; fileRef = 7BDB1E002A27D80C00FCB41E /* SceneDelegate.swift */; };
		7BDB1E032A27D80C00FCB41E /* ConvertCourrencyViewController.swift in Sources */ = {isa = PBXBuildFile; fileRef = 7BDB1E022A27D80C00FCB41E /* ConvertCourrencyViewController.swift */; };
		7BDB1E092A27D80C00FCB41E /* Currency.xcdatamodeld in Sources */ = {isa = PBXBuildFile; fileRef = 7BDB1E072A27D80C00FCB41E /* Currency.xcdatamodeld */; };
		7BDB1E0B2A27D81700FCB41E /* Assets.xcassets in Resources */ = {isa = PBXBuildFile; fileRef = 7BDB1E0A2A27D81700FCB41E /* Assets.xcassets */; };
		7BDB1E0E2A27D81700FCB41E /* LaunchScreen.storyboard in Resources */ = {isa = PBXBuildFile; fileRef = 7BDB1E0C2A27D81700FCB41E /* LaunchScreen.storyboard */; };
		7BDB1E192A27D81900FCB41E /* CurrencyTests.swift in Sources */ = {isa = PBXBuildFile; fileRef = 7BDB1E182A27D81900FCB41E /* CurrencyTests.swift */; };
		7BDB1E232A27D81A00FCB41E /* CurrencyUITests.swift in Sources */ = {isa = PBXBuildFile; fileRef = 7BDB1E222A27D81A00FCB41E /* CurrencyUITests.swift */; };
		7BDB1E252A27D81A00FCB41E /* CurrencyUITestsLaunchTests.swift in Sources */ = {isa = PBXBuildFile; fileRef = 7BDB1E242A27D81A00FCB41E /* CurrencyUITestsLaunchTests.swift */; };
/* End PBXBuildFile section */

/* Begin PBXContainerItemProxy section */
		7BDB1E152A27D81900FCB41E /* PBXContainerItemProxy */ = {
			isa = PBXContainerItemProxy;
			containerPortal = 7BDB1DF32A27D80B00FCB41E /* Project object */;
			proxyType = 1;
			remoteGlobalIDString = 7BDB1DFA2A27D80B00FCB41E;
			remoteInfo = Currency;
		};
		7BDB1E1F2A27D81A00FCB41E /* PBXContainerItemProxy */ = {
			isa = PBXContainerItemProxy;
			containerPortal = 7BDB1DF32A27D80B00FCB41E /* Project object */;
			proxyType = 1;
			remoteGlobalIDString = 7BDB1DFA2A27D80B00FCB41E;
			remoteInfo = Currency;
		};
/* End PBXContainerItemProxy section */

/* Begin PBXFileReference section */
		05A455C44A89D6D7C5D5FE3C /* Pods_CurrencyTests.framework */ = {isa = PBXFileReference; explicitFileType = wrapper.framework; includeInIndex = 0; path = Pods_CurrencyTests.framework; sourceTree = BUILT_PRODUCTS_DIR; };
		1279AE37FD324D188F4B2E18 /* Pods_Currency.framework */ = {isa = PBXFileReference; explicitFileType = wrapper.framework; includeInIndex = 0; path = Pods_Currency.framework; sourceTree = BUILT_PRODUCTS_DIR; };
		386B7005AA7C3E1CD6BB5B27 /* Pods-Currency-CurrencyUITests.debug.xcconfig */ = {isa = PBXFileReference; includeInIndex = 1; lastKnownFileType = text.xcconfig; name = "Pods-Currency-CurrencyUITests.debug.xcconfig"; path = "Target Support Files/Pods-Currency-CurrencyUITests/Pods-Currency-CurrencyUITests.debug.xcconfig"; sourceTree = "<group>"; };
		5EFE07B059806DC1F3820A0B /* Pods-Currency.release.xcconfig */ = {isa = PBXFileReference; includeInIndex = 1; lastKnownFileType = text.xcconfig; name = "Pods-Currency.release.xcconfig"; path = "Target Support Files/Pods-Currency/Pods-Currency.release.xcconfig"; sourceTree = "<group>"; };
		7B60F5092A28FD4A009063DD /* ConvertCourrencyViewModel.swift */ = {isa = PBXFileReference; lastKnownFileType = sourcecode.swift; path = ConvertCourrencyViewModel.swift; sourceTree = "<group>"; };
		7B60F50D2A28FDF5009063DD /* ApiClient.swift */ = {isa = PBXFileReference; lastKnownFileType = sourcecode.swift; path = ApiClient.swift; sourceTree = "<group>"; };
		7B60F50F2A28FE1F009063DD /* EndPoints.swift */ = {isa = PBXFileReference; lastKnownFileType = sourcecode.swift; path = EndPoints.swift; sourceTree = "<group>"; };
		7B60F5112A28FF2B009063DD /* ConvertCourrencyModel.swift */ = {isa = PBXFileReference; lastKnownFileType = sourcecode.swift; path = ConvertCourrencyModel.swift; sourceTree = "<group>"; };
		7BA49EDB2A28084700800927 /* ConvertCourrency.storyboard */ = {isa = PBXFileReference; lastKnownFileType = file.storyboard; path = ConvertCourrency.storyboard; sourceTree = "<group>"; };
		7BDB1DFB2A27D80B00FCB41E /* Currency.app */ = {isa = PBXFileReference; explicitFileType = wrapper.application; includeInIndex = 0; path = Currency.app; sourceTree = BUILT_PRODUCTS_DIR; };
		7BDB1DFE2A27D80B00FCB41E /* AppDelegate.swift */ = {isa = PBXFileReference; lastKnownFileType = sourcecode.swift; path = AppDelegate.swift; sourceTree = "<group>"; };
		7BDB1E002A27D80C00FCB41E /* SceneDelegate.swift */ = {isa = PBXFileReference; lastKnownFileType = sourcecode.swift; path = SceneDelegate.swift; sourceTree = "<group>"; };
		7BDB1E022A27D80C00FCB41E /* ConvertCourrencyViewController.swift */ = {isa = PBXFileReference; lastKnownFileType = sourcecode.swift; path = ConvertCourrencyViewController.swift; sourceTree = "<group>"; };
		7BDB1E082A27D80C00FCB41E /* Currency.xcdatamodel */ = {isa = PBXFileReference; lastKnownFileType = wrapper.xcdatamodel; path = Currency.xcdatamodel; sourceTree = "<group>"; };
		7BDB1E0A2A27D81700FCB41E /* Assets.xcassets */ = {isa = PBXFileReference; lastKnownFileType = folder.assetcatalog; path = Assets.xcassets; sourceTree = "<group>"; };
		7BDB1E0D2A27D81700FCB41E /* Base */ = {isa = PBXFileReference; lastKnownFileType = file.storyboard; name = Base; path = Base.lproj/LaunchScreen.storyboard; sourceTree = "<group>"; };
		7BDB1E0F2A27D81700FCB41E /* Info.plist */ = {isa = PBXFileReference; lastKnownFileType = text.plist.xml; path = Info.plist; sourceTree = "<group>"; };
		7BDB1E142A27D81900FCB41E /* CurrencyTests.xctest */ = {isa = PBXFileReference; explicitFileType = wrapper.cfbundle; includeInIndex = 0; path = CurrencyTests.xctest; sourceTree = BUILT_PRODUCTS_DIR; };
		7BDB1E182A27D81900FCB41E /* CurrencyTests.swift */ = {isa = PBXFileReference; lastKnownFileType = sourcecode.swift; path = CurrencyTests.swift; sourceTree = "<group>"; };
		7BDB1E1E2A27D81A00FCB41E /* CurrencyUITests.xctest */ = {isa = PBXFileReference; explicitFileType = wrapper.cfbundle; includeInIndex = 0; path = CurrencyUITests.xctest; sourceTree = BUILT_PRODUCTS_DIR; };
		7BDB1E222A27D81A00FCB41E /* CurrencyUITests.swift */ = {isa = PBXFileReference; lastKnownFileType = sourcecode.swift; path = CurrencyUITests.swift; sourceTree = "<group>"; };
		7BDB1E242A27D81A00FCB41E /* CurrencyUITestsLaunchTests.swift */ = {isa = PBXFileReference; lastKnownFileType = sourcecode.swift; path = CurrencyUITestsLaunchTests.swift; sourceTree = "<group>"; };
		7F4E648F54783515236A497C /* Pods-CurrencyTests.debug.xcconfig */ = {isa = PBXFileReference; includeInIndex = 1; lastKnownFileType = text.xcconfig; name = "Pods-CurrencyTests.debug.xcconfig"; path = "Target Support Files/Pods-CurrencyTests/Pods-CurrencyTests.debug.xcconfig"; sourceTree = "<group>"; };
		84C37F476EDE161A72DB5316 /* Pods-CurrencyTests.release.xcconfig */ = {isa = PBXFileReference; includeInIndex = 1; lastKnownFileType = text.xcconfig; name = "Pods-CurrencyTests.release.xcconfig"; path = "Target Support Files/Pods-CurrencyTests/Pods-CurrencyTests.release.xcconfig"; sourceTree = "<group>"; };
		8BC659B9BD7BFC3E477CF80D /* Pods_Currency_CurrencyUITests.framework */ = {isa = PBXFileReference; explicitFileType = wrapper.framework; includeInIndex = 0; path = Pods_Currency_CurrencyUITests.framework; sourceTree = BUILT_PRODUCTS_DIR; };
		AC67A7951EB51CEEED4F66E9 /* Pods-Currency-CurrencyUITests.release.xcconfig */ = {isa = PBXFileReference; includeInIndex = 1; lastKnownFileType = text.xcconfig; name = "Pods-Currency-CurrencyUITests.release.xcconfig"; path = "Target Support Files/Pods-Currency-CurrencyUITests/Pods-Currency-CurrencyUITests.release.xcconfig"; sourceTree = "<group>"; };
		AE5553441E22E5BC834EEE22 /* Pods-Currency.debug.xcconfig */ = {isa = PBXFileReference; includeInIndex = 1; lastKnownFileType = text.xcconfig; name = "Pods-Currency.debug.xcconfig"; path = "Target Support Files/Pods-Currency/Pods-Currency.debug.xcconfig"; sourceTree = "<group>"; };
/* End PBXFileReference section */

/* Begin PBXFrameworksBuildPhase section */
		7BDB1DF82A27D80B00FCB41E /* Frameworks */ = {
			isa = PBXFrameworksBuildPhase;
			buildActionMask = 2147483647;
			files = (
				2526898889B15BB58E112C81 /* Pods_Currency.framework in Frameworks */,
			);
			runOnlyForDeploymentPostprocessing = 0;
		};
		7BDB1E112A27D81900FCB41E /* Frameworks */ = {
			isa = PBXFrameworksBuildPhase;
			buildActionMask = 2147483647;
			files = (
				3ECF4004DADCE551CE7361F6 /* Pods_CurrencyTests.framework in Frameworks */,
			);
			runOnlyForDeploymentPostprocessing = 0;
		};
		7BDB1E1B2A27D81A00FCB41E /* Frameworks */ = {
			isa = PBXFrameworksBuildPhase;
			buildActionMask = 2147483647;
			files = (
				6A23A8839E93BE5546E4E821 /* Pods_Currency_CurrencyUITests.framework in Frameworks */,
			);
			runOnlyForDeploymentPostprocessing = 0;
		};
/* End PBXFrameworksBuildPhase section */

/* Begin PBXGroup section */
		75D971D7448AD50D9C6A7BAA /* Pods */ = {
			isa = PBXGroup;
			children = (
				AE5553441E22E5BC834EEE22 /* Pods-Currency.debug.xcconfig */,
				5EFE07B059806DC1F3820A0B /* Pods-Currency.release.xcconfig */,
				386B7005AA7C3E1CD6BB5B27 /* Pods-Currency-CurrencyUITests.debug.xcconfig */,
				AC67A7951EB51CEEED4F66E9 /* Pods-Currency-CurrencyUITests.release.xcconfig */,
				7F4E648F54783515236A497C /* Pods-CurrencyTests.debug.xcconfig */,
				84C37F476EDE161A72DB5316 /* Pods-CurrencyTests.release.xcconfig */,
			);
			path = Pods;
			sourceTree = "<group>";
		};
		7B60F50B2A28FDBB009063DD /* Model */ = {
			isa = PBXGroup;
			children = (
				7B60F50C2A28FDD6009063DD /* NetworkServices */,
			);
			path = Model;
			sourceTree = "<group>";
		};
		7B60F50C2A28FDD6009063DD /* NetworkServices */ = {
			isa = PBXGroup;
			children = (
				7B60F50D2A28FDF5009063DD /* ApiClient.swift */,
				7B60F50F2A28FE1F009063DD /* EndPoints.swift */,
			);
			path = NetworkServices;
			sourceTree = "<group>";
		};
		7BA49ED02A27FD9000800927 /* ConvertCourrency */ = {
			isa = PBXGroup;
			children = (
				7BA49ED32A27FDD900800927 /* Model */,
				7BA49ED22A27FDC900800927 /* ViewModel */,
				7BA49ED12A27FDBB00800927 /* View */,
			);
			path = ConvertCourrency;
			sourceTree = "<group>";
		};
		7BA49ED12A27FDBB00800927 /* View */ = {
			isa = PBXGroup;
			children = (
				7BDB1E022A27D80C00FCB41E /* ConvertCourrencyViewController.swift */,
				7BA49EDB2A28084700800927 /* ConvertCourrency.storyboard */,
			);
			path = View;
			sourceTree = "<group>";
		};
		7BA49ED22A27FDC900800927 /* ViewModel */ = {
			isa = PBXGroup;
			children = (
				7B60F5092A28FD4A009063DD /* ConvertCourrencyViewModel.swift */,
			);
			path = ViewModel;
			sourceTree = "<group>";
		};
		7BA49ED32A27FDD900800927 /* Model */ = {
			isa = PBXGroup;
			children = (
				7B60F5112A28FF2B009063DD /* ConvertCourrencyModel.swift */,
			);
			path = Model;
			sourceTree = "<group>";
		};
		7BA49ED42A2802FE00800927 /* Core */ = {
			isa = PBXGroup;
			children = (
				7BDB1DFE2A27D80B00FCB41E /* AppDelegate.swift */,
				7BDB1E002A27D80C00FCB41E /* SceneDelegate.swift */,
			);
			path = Core;
			sourceTree = "<group>";
		};
		7BA49ED52A28035000800927 /* Module */ = {
			isa = PBXGroup;
			children = (
				7BA49ED02A27FD9000800927 /* ConvertCourrency */,
			);
			path = Module;
			sourceTree = "<group>";
		};
		7BA49ED62A28039700800927 /* Support */ = {
			isa = PBXGroup;
			children = (
				7BDB1E072A27D80C00FCB41E /* Currency.xcdatamodeld */,
				7BDB1E0A2A27D81700FCB41E /* Assets.xcassets */,
				7BDB1E0C2A27D81700FCB41E /* LaunchScreen.storyboard */,
			);
			path = Support;
			sourceTree = "<group>";
		};
		7BDB1DF22A27D80B00FCB41E = {
			isa = PBXGroup;
			children = (
				7BDB1DFD2A27D80B00FCB41E /* Currency */,
				7BDB1E172A27D81900FCB41E /* CurrencyTests */,
				7BDB1E212A27D81A00FCB41E /* CurrencyUITests */,
				7BDB1DFC2A27D80B00FCB41E /* Products */,
				75D971D7448AD50D9C6A7BAA /* Pods */,
				C63AF05C8117FD1838099397 /* Frameworks */,
			);
			sourceTree = "<group>";
		};
		7BDB1DFC2A27D80B00FCB41E /* Products */ = {
			isa = PBXGroup;
			children = (
				7BDB1DFB2A27D80B00FCB41E /* Currency.app */,
				7BDB1E142A27D81900FCB41E /* CurrencyTests.xctest */,
				7BDB1E1E2A27D81A00FCB41E /* CurrencyUITests.xctest */,
			);
			name = Products;
			sourceTree = "<group>";
		};
		7BDB1DFD2A27D80B00FCB41E /* Currency */ = {
			isa = PBXGroup;
			children = (
				7B60F50B2A28FDBB009063DD /* Model */,
				7BA49ED52A28035000800927 /* Module */,
				7BA49ED42A2802FE00800927 /* Core */,
				7BA49ED62A28039700800927 /* Support */,
				7BDB1E0F2A27D81700FCB41E /* Info.plist */,
			);
			path = Currency;
			sourceTree = "<group>";
		};
		7BDB1E172A27D81900FCB41E /* CurrencyTests */ = {
			isa = PBXGroup;
			children = (
				7BDB1E182A27D81900FCB41E /* CurrencyTests.swift */,
			);
			path = CurrencyTests;
			sourceTree = "<group>";
		};
		7BDB1E212A27D81A00FCB41E /* CurrencyUITests */ = {
			isa = PBXGroup;
			children = (
				7BDB1E222A27D81A00FCB41E /* CurrencyUITests.swift */,
				7BDB1E242A27D81A00FCB41E /* CurrencyUITestsLaunchTests.swift */,
			);
			path = CurrencyUITests;
			sourceTree = "<group>";
		};
		C63AF05C8117FD1838099397 /* Frameworks */ = {
			isa = PBXGroup;
			children = (
				1279AE37FD324D188F4B2E18 /* Pods_Currency.framework */,
				8BC659B9BD7BFC3E477CF80D /* Pods_Currency_CurrencyUITests.framework */,
				05A455C44A89D6D7C5D5FE3C /* Pods_CurrencyTests.framework */,
			);
			name = Frameworks;
			sourceTree = "<group>";
		};
/* End PBXGroup section */

/* Begin PBXNativeTarget section */
		7BDB1DFA2A27D80B00FCB41E /* Currency */ = {
			isa = PBXNativeTarget;
			buildConfigurationList = 7BDB1E282A27D81A00FCB41E /* Build configuration list for PBXNativeTarget "Currency" */;
			buildPhases = (
				20A688F72FF0EDBC32359B98 /* [CP] Check Pods Manifest.lock */,
				7BDB1DF72A27D80B00FCB41E /* Sources */,
				7BDB1DF82A27D80B00FCB41E /* Frameworks */,
				7BDB1DF92A27D80B00FCB41E /* Resources */,
				E725F8FECAFBA94C9A616FCB /* [CP] Embed Pods Frameworks */,
			);
			buildRules = (
			);
			dependencies = (
			);
			name = Currency;
			productName = Currency;
			productReference = 7BDB1DFB2A27D80B00FCB41E /* Currency.app */;
			productType = "com.apple.product-type.application";
		};
		7BDB1E132A27D81900FCB41E /* CurrencyTests */ = {
			isa = PBXNativeTarget;
			buildConfigurationList = 7BDB1E2B2A27D81A00FCB41E /* Build configuration list for PBXNativeTarget "CurrencyTests" */;
			buildPhases = (
				11EE3D36053CACB3152AF8F5 /* [CP] Check Pods Manifest.lock */,
				7BDB1E102A27D81900FCB41E /* Sources */,
				7BDB1E112A27D81900FCB41E /* Frameworks */,
				7BDB1E122A27D81900FCB41E /* Resources */,
			);
			buildRules = (
			);
			dependencies = (
				7BDB1E162A27D81900FCB41E /* PBXTargetDependency */,
			);
			name = CurrencyTests;
			productName = CurrencyTests;
			productReference = 7BDB1E142A27D81900FCB41E /* CurrencyTests.xctest */;
			productType = "com.apple.product-type.bundle.unit-test";
		};
		7BDB1E1D2A27D81A00FCB41E /* CurrencyUITests */ = {
			isa = PBXNativeTarget;
			buildConfigurationList = 7BDB1E2E2A27D81A00FCB41E /* Build configuration list for PBXNativeTarget "CurrencyUITests" */;
			buildPhases = (
				99C51F582AA5DB3F35C61366 /* [CP] Check Pods Manifest.lock */,
				7BDB1E1A2A27D81A00FCB41E /* Sources */,
				7BDB1E1B2A27D81A00FCB41E /* Frameworks */,
				7BDB1E1C2A27D81A00FCB41E /* Resources */,
				5FC88BBE838C8D843F4C7AEB /* [CP] Embed Pods Frameworks */,
			);
			buildRules = (
			);
			dependencies = (
				7BDB1E202A27D81A00FCB41E /* PBXTargetDependency */,
			);
			name = CurrencyUITests;
			productName = CurrencyUITests;
			productReference = 7BDB1E1E2A27D81A00FCB41E /* CurrencyUITests.xctest */;
			productType = "com.apple.product-type.bundle.ui-testing";
		};
/* End PBXNativeTarget section */

/* Begin PBXProject section */
		7BDB1DF32A27D80B00FCB41E /* Project object */ = {
			isa = PBXProject;
			attributes = {
				BuildIndependentTargetsInParallel = 1;
				LastSwiftUpdateCheck = 1420;
				LastUpgradeCheck = 1420;
				TargetAttributes = {
					7BDB1DFA2A27D80B00FCB41E = {
						CreatedOnToolsVersion = 14.2;
					};
					7BDB1E132A27D81900FCB41E = {
						CreatedOnToolsVersion = 14.2;
						TestTargetID = 7BDB1DFA2A27D80B00FCB41E;
					};
					7BDB1E1D2A27D81A00FCB41E = {
						CreatedOnToolsVersion = 14.2;
						TestTargetID = 7BDB1DFA2A27D80B00FCB41E;
					};
				};
			};
			buildConfigurationList = 7BDB1DF62A27D80B00FCB41E /* Build configuration list for PBXProject "Currency" */;
			compatibilityVersion = "Xcode 14.0";
			developmentRegion = en;
			hasScannedForEncodings = 0;
			knownRegions = (
				en,
				Base,
			);
			mainGroup = 7BDB1DF22A27D80B00FCB41E;
			productRefGroup = 7BDB1DFC2A27D80B00FCB41E /* Products */;
			projectDirPath = "";
			projectRoot = "";
			targets = (
				7BDB1DFA2A27D80B00FCB41E /* Currency */,
				7BDB1E132A27D81900FCB41E /* CurrencyTests */,
				7BDB1E1D2A27D81A00FCB41E /* CurrencyUITests */,
			);
		};
/* End PBXProject section */

/* Begin PBXResourcesBuildPhase section */
		7BDB1DF92A27D80B00FCB41E /* Resources */ = {
			isa = PBXResourcesBuildPhase;
			buildActionMask = 2147483647;
			files = (
				7BDB1E0E2A27D81700FCB41E /* LaunchScreen.storyboard in Resources */,
				7BA49EDC2A28084700800927 /* ConvertCourrency.storyboard in Resources */,
				7BDB1E0B2A27D81700FCB41E /* Assets.xcassets in Resources */,
			);
			runOnlyForDeploymentPostprocessing = 0;
		};
		7BDB1E122A27D81900FCB41E /* Resources */ = {
			isa = PBXResourcesBuildPhase;
			buildActionMask = 2147483647;
			files = (
			);
			runOnlyForDeploymentPostprocessing = 0;
		};
		7BDB1E1C2A27D81A00FCB41E /* Resources */ = {
			isa = PBXResourcesBuildPhase;
			buildActionMask = 2147483647;
			files = (
			);
			runOnlyForDeploymentPostprocessing = 0;
		};
/* End PBXResourcesBuildPhase section */

/* Begin PBXShellScriptBuildPhase section */
		11EE3D36053CACB3152AF8F5 /* [CP] Check Pods Manifest.lock */ = {
			isa = PBXShellScriptBuildPhase;
			buildActionMask = 2147483647;
			files = (
			);
			inputFileListPaths = (
			);
			inputPaths = (
				"${PODS_PODFILE_DIR_PATH}/Podfile.lock",
				"${PODS_ROOT}/Manifest.lock",
			);
			name = "[CP] Check Pods Manifest.lock";
			outputFileListPaths = (
			);
			outputPaths = (
				"$(DERIVED_FILE_DIR)/Pods-CurrencyTests-checkManifestLockResult.txt",
			);
			runOnlyForDeploymentPostprocessing = 0;
			shellPath = /bin/sh;
			shellScript = "diff \"${PODS_PODFILE_DIR_PATH}/Podfile.lock\" \"${PODS_ROOT}/Manifest.lock\" > /dev/null\nif [ $? != 0 ] ; then\n    # print error to STDERR\n    echo \"error: The sandbox is not in sync with the Podfile.lock. Run 'pod install' or update your CocoaPods installation.\" >&2\n    exit 1\nfi\n# This output is used by Xcode 'outputs' to avoid re-running this script phase.\necho \"SUCCESS\" > \"${SCRIPT_OUTPUT_FILE_0}\"\n";
			showEnvVarsInLog = 0;
		};
		20A688F72FF0EDBC32359B98 /* [CP] Check Pods Manifest.lock */ = {
			isa = PBXShellScriptBuildPhase;
			buildActionMask = 2147483647;
			files = (
			);
			inputFileListPaths = (
			);
			inputPaths = (
				"${PODS_PODFILE_DIR_PATH}/Podfile.lock",
				"${PODS_ROOT}/Manifest.lock",
			);
			name = "[CP] Check Pods Manifest.lock";
			outputFileListPaths = (
			);
			outputPaths = (
				"$(DERIVED_FILE_DIR)/Pods-Currency-checkManifestLockResult.txt",
			);
			runOnlyForDeploymentPostprocessing = 0;
			shellPath = /bin/sh;
			shellScript = "diff \"${PODS_PODFILE_DIR_PATH}/Podfile.lock\" \"${PODS_ROOT}/Manifest.lock\" > /dev/null\nif [ $? != 0 ] ; then\n    # print error to STDERR\n    echo \"error: The sandbox is not in sync with the Podfile.lock. Run 'pod install' or update your CocoaPods installation.\" >&2\n    exit 1\nfi\n# This output is used by Xcode 'outputs' to avoid re-running this script phase.\necho \"SUCCESS\" > \"${SCRIPT_OUTPUT_FILE_0}\"\n";
			showEnvVarsInLog = 0;
		};
		5FC88BBE838C8D843F4C7AEB /* [CP] Embed Pods Frameworks */ = {
			isa = PBXShellScriptBuildPhase;
			buildActionMask = 2147483647;
			files = (
			);
			inputFileListPaths = (
				"${PODS_ROOT}/Target Support Files/Pods-Currency-CurrencyUITests/Pods-Currency-CurrencyUITests-frameworks-${CONFIGURATION}-input-files.xcfilelist",
			);
			name = "[CP] Embed Pods Frameworks";
			outputFileListPaths = (
				"${PODS_ROOT}/Target Support Files/Pods-Currency-CurrencyUITests/Pods-Currency-CurrencyUITests-frameworks-${CONFIGURATION}-output-files.xcfilelist",
			);
			runOnlyForDeploymentPostprocessing = 0;
			shellPath = /bin/sh;
			shellScript = "\"${PODS_ROOT}/Target Support Files/Pods-Currency-CurrencyUITests/Pods-Currency-CurrencyUITests-frameworks.sh\"\n";
			showEnvVarsInLog = 0;
		};
		99C51F582AA5DB3F35C61366 /* [CP] Check Pods Manifest.lock */ = {
			isa = PBXShellScriptBuildPhase;
			buildActionMask = 2147483647;
			files = (
			);
			inputFileListPaths = (
			);
			inputPaths = (
				"${PODS_PODFILE_DIR_PATH}/Podfile.lock",
				"${PODS_ROOT}/Manifest.lock",
			);
			name = "[CP] Check Pods Manifest.lock";
			outputFileListPaths = (
			);
			outputPaths = (
				"$(DERIVED_FILE_DIR)/Pods-Currency-CurrencyUITests-checkManifestLockResult.txt",
			);
			runOnlyForDeploymentPostprocessing = 0;
			shellPath = /bin/sh;
			shellScript = "diff \"${PODS_PODFILE_DIR_PATH}/Podfile.lock\" \"${PODS_ROOT}/Manifest.lock\" > /dev/null\nif [ $? != 0 ] ; then\n    # print error to STDERR\n    echo \"error: The sandbox is not in sync with the Podfile.lock. Run 'pod install' or update your CocoaPods installation.\" >&2\n    exit 1\nfi\n# This output is used by Xcode 'outputs' to avoid re-running this script phase.\necho \"SUCCESS\" > \"${SCRIPT_OUTPUT_FILE_0}\"\n";
			showEnvVarsInLog = 0;
		};
		E725F8FECAFBA94C9A616FCB /* [CP] Embed Pods Frameworks */ = {
			isa = PBXShellScriptBuildPhase;
			buildActionMask = 2147483647;
			files = (
			);
			inputFileListPaths = (
				"${PODS_ROOT}/Target Support Files/Pods-Currency/Pods-Currency-frameworks-${CONFIGURATION}-input-files.xcfilelist",
			);
			name = "[CP] Embed Pods Frameworks";
			outputFileListPaths = (
				"${PODS_ROOT}/Target Support Files/Pods-Currency/Pods-Currency-frameworks-${CONFIGURATION}-output-files.xcfilelist",
			);
			runOnlyForDeploymentPostprocessing = 0;
			shellPath = /bin/sh;
			shellScript = "\"${PODS_ROOT}/Target Support Files/Pods-Currency/Pods-Currency-frameworks.sh\"\n";
			showEnvVarsInLog = 0;
		};
/* End PBXShellScriptBuildPhase section */

/* Begin PBXSourcesBuildPhase section */
		7BDB1DF72A27D80B00FCB41E /* Sources */ = {
			isa = PBXSourcesBuildPhase;
			buildActionMask = 2147483647;
			files = (
				7BDB1E092A27D80C00FCB41E /* Currency.xcdatamodeld in Sources */,
				7BDB1E032A27D80C00FCB41E /* ConvertCourrencyViewController.swift in Sources */,
				7B60F5122A28FF2B009063DD /* ConvertCourrencyModel.swift in Sources */,
				7BDB1DFF2A27D80B00FCB41E /* AppDelegate.swift in Sources */,
				7B60F5102A28FE1F009063DD /* EndPoints.swift in Sources */,
				7BDB1E012A27D80C00FCB41E /* SceneDelegate.swift in Sources */,
				7B60F50A2A28FD4A009063DD /* ConvertCourrencyViewModel.swift in Sources */,
				7B60F50E2A28FDF5009063DD /* ApiClient.swift in Sources */,
			);
			runOnlyForDeploymentPostprocessing = 0;
		};
		7BDB1E102A27D81900FCB41E /* Sources */ = {
			isa = PBXSourcesBuildPhase;
			buildActionMask = 2147483647;
			files = (
				7BDB1E192A27D81900FCB41E /* CurrencyTests.swift in Sources */,
			);
			runOnlyForDeploymentPostprocessing = 0;
		};
		7BDB1E1A2A27D81A00FCB41E /* Sources */ = {
			isa = PBXSourcesBuildPhase;
			buildActionMask = 2147483647;
			files = (
				7BDB1E252A27D81A00FCB41E /* CurrencyUITestsLaunchTests.swift in Sources */,
				7BDB1E232A27D81A00FCB41E /* CurrencyUITests.swift in Sources */,
			);
			runOnlyForDeploymentPostprocessing = 0;
		};
/* End PBXSourcesBuildPhase section */

/* Begin PBXTargetDependency section */
		7BDB1E162A27D81900FCB41E /* PBXTargetDependency */ = {
			isa = PBXTargetDependency;
			target = 7BDB1DFA2A27D80B00FCB41E /* Currency */;
			targetProxy = 7BDB1E152A27D81900FCB41E /* PBXContainerItemProxy */;
		};
		7BDB1E202A27D81A00FCB41E /* PBXTargetDependency */ = {
			isa = PBXTargetDependency;
			target = 7BDB1DFA2A27D80B00FCB41E /* Currency */;
			targetProxy = 7BDB1E1F2A27D81A00FCB41E /* PBXContainerItemProxy */;
		};
/* End PBXTargetDependency section */

/* Begin PBXVariantGroup section */
		7BDB1E0C2A27D81700FCB41E /* LaunchScreen.storyboard */ = {
			isa = PBXVariantGroup;
			children = (
				7BDB1E0D2A27D81700FCB41E /* Base */,
			);
			name = LaunchScreen.storyboard;
			sourceTree = "<group>";
		};
/* End PBXVariantGroup section */

/* Begin XCBuildConfiguration section */
		7BDB1E262A27D81A00FCB41E /* Debug */ = {
			isa = XCBuildConfiguration;
			buildSettings = {
				ALWAYS_SEARCH_USER_PATHS = NO;
				CLANG_ANALYZER_NONNULL = YES;
				CLANG_ANALYZER_NUMBER_OBJECT_CONVERSION = YES_AGGRESSIVE;
				CLANG_CXX_LANGUAGE_STANDARD = "gnu++20";
				CLANG_ENABLE_MODULES = YES;
				CLANG_ENABLE_OBJC_ARC = YES;
				CLANG_ENABLE_OBJC_WEAK = YES;
				CLANG_WARN_BLOCK_CAPTURE_AUTORELEASING = YES;
				CLANG_WARN_BOOL_CONVERSION = YES;
				CLANG_WARN_COMMA = YES;
				CLANG_WARN_CONSTANT_CONVERSION = YES;
				CLANG_WARN_DEPRECATED_OBJC_IMPLEMENTATIONS = YES;
				CLANG_WARN_DIRECT_OBJC_ISA_USAGE = YES_ERROR;
				CLANG_WARN_DOCUMENTATION_COMMENTS = YES;
				CLANG_WARN_EMPTY_BODY = YES;
				CLANG_WARN_ENUM_CONVERSION = YES;
				CLANG_WARN_INFINITE_RECURSION = YES;
				CLANG_WARN_INT_CONVERSION = YES;
				CLANG_WARN_NON_LITERAL_NULL_CONVERSION = YES;
				CLANG_WARN_OBJC_IMPLICIT_RETAIN_SELF = YES;
				CLANG_WARN_OBJC_LITERAL_CONVERSION = YES;
				CLANG_WARN_OBJC_ROOT_CLASS = YES_ERROR;
				CLANG_WARN_QUOTED_INCLUDE_IN_FRAMEWORK_HEADER = YES;
				CLANG_WARN_RANGE_LOOP_ANALYSIS = YES;
				CLANG_WARN_STRICT_PROTOTYPES = YES;
				CLANG_WARN_SUSPICIOUS_MOVE = YES;
				CLANG_WARN_UNGUARDED_AVAILABILITY = YES_AGGRESSIVE;
				CLANG_WARN_UNREACHABLE_CODE = YES;
				CLANG_WARN__DUPLICATE_METHOD_MATCH = YES;
				COPY_PHASE_STRIP = NO;
				DEBUG_INFORMATION_FORMAT = dwarf;
				ENABLE_STRICT_OBJC_MSGSEND = YES;
				ENABLE_TESTABILITY = YES;
				GCC_C_LANGUAGE_STANDARD = gnu11;
				GCC_DYNAMIC_NO_PIC = NO;
				GCC_NO_COMMON_BLOCKS = YES;
				GCC_OPTIMIZATION_LEVEL = 0;
				GCC_PREPROCESSOR_DEFINITIONS = (
					"DEBUG=1",
					"$(inherited)",
				);
				GCC_WARN_64_TO_32_BIT_CONVERSION = YES;
				GCC_WARN_ABOUT_RETURN_TYPE = YES_ERROR;
				GCC_WARN_UNDECLARED_SELECTOR = YES;
				GCC_WARN_UNINITIALIZED_AUTOS = YES_AGGRESSIVE;
				GCC_WARN_UNUSED_FUNCTION = YES;
				GCC_WARN_UNUSED_VARIABLE = YES;
				IPHONEOS_DEPLOYMENT_TARGET = 16.2;
				MTL_ENABLE_DEBUG_INFO = INCLUDE_SOURCE;
				MTL_FAST_MATH = YES;
				ONLY_ACTIVE_ARCH = YES;
				SDKROOT = iphoneos;
				SWIFT_ACTIVE_COMPILATION_CONDITIONS = DEBUG;
				SWIFT_OPTIMIZATION_LEVEL = "-Onone";
			};
			name = Debug;
		};
		7BDB1E272A27D81A00FCB41E /* Release */ = {
			isa = XCBuildConfiguration;
			buildSettings = {
				ALWAYS_SEARCH_USER_PATHS = NO;
				CLANG_ANALYZER_NONNULL = YES;
				CLANG_ANALYZER_NUMBER_OBJECT_CONVERSION = YES_AGGRESSIVE;
				CLANG_CXX_LANGUAGE_STANDARD = "gnu++20";
				CLANG_ENABLE_MODULES = YES;
				CLANG_ENABLE_OBJC_ARC = YES;
				CLANG_ENABLE_OBJC_WEAK = YES;
				CLANG_WARN_BLOCK_CAPTURE_AUTORELEASING = YES;
				CLANG_WARN_BOOL_CONVERSION = YES;
				CLANG_WARN_COMMA = YES;
				CLANG_WARN_CONSTANT_CONVERSION = YES;
				CLANG_WARN_DEPRECATED_OBJC_IMPLEMENTATIONS = YES;
				CLANG_WARN_DIRECT_OBJC_ISA_USAGE = YES_ERROR;
				CLANG_WARN_DOCUMENTATION_COMMENTS = YES;
				CLANG_WARN_EMPTY_BODY = YES;
				CLANG_WARN_ENUM_CONVERSION = YES;
				CLANG_WARN_INFINITE_RECURSION = YES;
				CLANG_WARN_INT_CONVERSION = YES;
				CLANG_WARN_NON_LITERAL_NULL_CONVERSION = YES;
				CLANG_WARN_OBJC_IMPLICIT_RETAIN_SELF = YES;
				CLANG_WARN_OBJC_LITERAL_CONVERSION = YES;
				CLANG_WARN_OBJC_ROOT_CLASS = YES_ERROR;
				CLANG_WARN_QUOTED_INCLUDE_IN_FRAMEWORK_HEADER = YES;
				CLANG_WARN_RANGE_LOOP_ANALYSIS = YES;
				CLANG_WARN_STRICT_PROTOTYPES = YES;
				CLANG_WARN_SUSPICIOUS_MOVE = YES;
				CLANG_WARN_UNGUARDED_AVAILABILITY = YES_AGGRESSIVE;
				CLANG_WARN_UNREACHABLE_CODE = YES;
				CLANG_WARN__DUPLICATE_METHOD_MATCH = YES;
				COPY_PHASE_STRIP = NO;
				DEBUG_INFORMATION_FORMAT = "dwarf-with-dsym";
				ENABLE_NS_ASSERTIONS = NO;
				ENABLE_STRICT_OBJC_MSGSEND = YES;
				GCC_C_LANGUAGE_STANDARD = gnu11;
				GCC_NO_COMMON_BLOCKS = YES;
				GCC_WARN_64_TO_32_BIT_CONVERSION = YES;
				GCC_WARN_ABOUT_RETURN_TYPE = YES_ERROR;
				GCC_WARN_UNDECLARED_SELECTOR = YES;
				GCC_WARN_UNINITIALIZED_AUTOS = YES_AGGRESSIVE;
				GCC_WARN_UNUSED_FUNCTION = YES;
				GCC_WARN_UNUSED_VARIABLE = YES;
				IPHONEOS_DEPLOYMENT_TARGET = 16.2;
				MTL_ENABLE_DEBUG_INFO = NO;
				MTL_FAST_MATH = YES;
				SDKROOT = iphoneos;
				SWIFT_COMPILATION_MODE = wholemodule;
				SWIFT_OPTIMIZATION_LEVEL = "-O";
				VALIDATE_PRODUCT = YES;
			};
			name = Release;
		};
		7BDB1E292A27D81A00FCB41E /* Debug */ = {
			isa = XCBuildConfiguration;
			baseConfigurationReference = AE5553441E22E5BC834EEE22 /* Pods-Currency.debug.xcconfig */;
			buildSettings = {
				ASSETCATALOG_COMPILER_APPICON_NAME = AppIcon;
				ASSETCATALOG_COMPILER_GLOBAL_ACCENT_COLOR_NAME = AccentColor;
				CODE_SIGN_STYLE = Automatic;
				CURRENT_PROJECT_VERSION = 1;
				DEVELOPMENT_TEAM = 346Q44X4XP;
				GENERATE_INFOPLIST_FILE = YES;
				INFOPLIST_FILE = Currency/Info.plist;
				INFOPLIST_KEY_UIApplicationSupportsIndirectInputEvents = YES;
				INFOPLIST_KEY_UILaunchStoryboardName = LaunchScreen;
				INFOPLIST_KEY_UISupportedInterfaceOrientations_iPad = "UIInterfaceOrientationPortrait UIInterfaceOrientationPortraitUpsideDown UIInterfaceOrientationLandscapeLeft UIInterfaceOrientationLandscapeRight";
				INFOPLIST_KEY_UISupportedInterfaceOrientations_iPhone = "UIInterfaceOrientationPortrait UIInterfaceOrientationLandscapeLeft UIInterfaceOrientationLandscapeRight";
				LD_RUNPATH_SEARCH_PATHS = (
					"$(inherited)",
					"@executable_path/Frameworks",
				);
				MARKETING_VERSION = 1.0;
				PRODUCT_BUNDLE_IDENTIFIER = iti.Currency;
				PRODUCT_NAME = "$(TARGET_NAME)";
				SWIFT_EMIT_LOC_STRINGS = YES;
				SWIFT_VERSION = 5.0;
				TARGETED_DEVICE_FAMILY = "1,2";
			};
			name = Debug;
		};
		7BDB1E2A2A27D81A00FCB41E /* Release */ = {
			isa = XCBuildConfiguration;
			baseConfigurationReference = 5EFE07B059806DC1F3820A0B /* Pods-Currency.release.xcconfig */;
			buildSettings = {
				ASSETCATALOG_COMPILER_APPICON_NAME = AppIcon;
				ASSETCATALOG_COMPILER_GLOBAL_ACCENT_COLOR_NAME = AccentColor;
				CODE_SIGN_STYLE = Automatic;
				CURRENT_PROJECT_VERSION = 1;
				DEVELOPMENT_TEAM = 346Q44X4XP;
				GENERATE_INFOPLIST_FILE = YES;
				INFOPLIST_FILE = Currency/Info.plist;
				INFOPLIST_KEY_UIApplicationSupportsIndirectInputEvents = YES;
				INFOPLIST_KEY_UILaunchStoryboardName = LaunchScreen;
				INFOPLIST_KEY_UISupportedInterfaceOrientations_iPad = "UIInterfaceOrientationPortrait UIInterfaceOrientationPortraitUpsideDown UIInterfaceOrientationLandscapeLeft UIInterfaceOrientationLandscapeRight";
				INFOPLIST_KEY_UISupportedInterfaceOrientations_iPhone = "UIInterfaceOrientationPortrait UIInterfaceOrientationLandscapeLeft UIInterfaceOrientationLandscapeRight";
				LD_RUNPATH_SEARCH_PATHS = (
					"$(inherited)",
					"@executable_path/Frameworks",
				);
				MARKETING_VERSION = 1.0;
				PRODUCT_BUNDLE_IDENTIFIER = iti.Currency;
				PRODUCT_NAME = "$(TARGET_NAME)";
				SWIFT_EMIT_LOC_STRINGS = YES;
				SWIFT_VERSION = 5.0;
				TARGETED_DEVICE_FAMILY = "1,2";
			};
			name = Release;
		};
		7BDB1E2C2A27D81A00FCB41E /* Debug */ = {
			isa = XCBuildConfiguration;
			baseConfigurationReference = 7F4E648F54783515236A497C /* Pods-CurrencyTests.debug.xcconfig */;
			buildSettings = {
				ALWAYS_EMBED_SWIFT_STANDARD_LIBRARIES = YES;
				BUNDLE_LOADER = "$(TEST_HOST)";
				CODE_SIGN_STYLE = Automatic;
				CURRENT_PROJECT_VERSION = 1;
				DEVELOPMENT_TEAM = 346Q44X4XP;
				GENERATE_INFOPLIST_FILE = YES;
				IPHONEOS_DEPLOYMENT_TARGET = 16.2;
				MARKETING_VERSION = 1.0;
				PRODUCT_BUNDLE_IDENTIFIER = iti.CurrencyTests;
				PRODUCT_NAME = "$(TARGET_NAME)";
				SWIFT_EMIT_LOC_STRINGS = NO;
				SWIFT_VERSION = 5.0;
				TARGETED_DEVICE_FAMILY = "1,2";
				TEST_HOST = "$(BUILT_PRODUCTS_DIR)/Currency.app/$(BUNDLE_EXECUTABLE_FOLDER_PATH)/Currency";
			};
			name = Debug;
		};
		7BDB1E2D2A27D81A00FCB41E /* Release */ = {
			isa = XCBuildConfiguration;
			baseConfigurationReference = 84C37F476EDE161A72DB5316 /* Pods-CurrencyTests.release.xcconfig */;
			buildSettings = {
				ALWAYS_EMBED_SWIFT_STANDARD_LIBRARIES = YES;
				BUNDLE_LOADER = "$(TEST_HOST)";
				CODE_SIGN_STYLE = Automatic;
				CURRENT_PROJECT_VERSION = 1;
				DEVELOPMENT_TEAM = 346Q44X4XP;
				GENERATE_INFOPLIST_FILE = YES;
				IPHONEOS_DEPLOYMENT_TARGET = 16.2;
				MARKETING_VERSION = 1.0;
				PRODUCT_BUNDLE_IDENTIFIER = iti.CurrencyTests;
				PRODUCT_NAME = "$(TARGET_NAME)";
				SWIFT_EMIT_LOC_STRINGS = NO;
				SWIFT_VERSION = 5.0;
				TARGETED_DEVICE_FAMILY = "1,2";
				TEST_HOST = "$(BUILT_PRODUCTS_DIR)/Currency.app/$(BUNDLE_EXECUTABLE_FOLDER_PATH)/Currency";
			};
			name = Release;
		};
		7BDB1E2F2A27D81A00FCB41E /* Debug */ = {
			isa = XCBuildConfiguration;
			baseConfigurationReference = 386B7005AA7C3E1CD6BB5B27 /* Pods-Currency-CurrencyUITests.debug.xcconfig */;
			buildSettings = {
				ALWAYS_EMBED_SWIFT_STANDARD_LIBRARIES = YES;
				CODE_SIGN_STYLE = Automatic;
				CURRENT_PROJECT_VERSION = 1;
				DEVELOPMENT_TEAM = 346Q44X4XP;
				GENERATE_INFOPLIST_FILE = YES;
				MARKETING_VERSION = 1.0;
				PRODUCT_BUNDLE_IDENTIFIER = iti.CurrencyUITests;
				PRODUCT_NAME = "$(TARGET_NAME)";
				SWIFT_EMIT_LOC_STRINGS = NO;
				SWIFT_VERSION = 5.0;
				TARGETED_DEVICE_FAMILY = "1,2";
				TEST_TARGET_NAME = Currency;
			};
			name = Debug;
		};
		7BDB1E302A27D81A00FCB41E /* Release */ = {
			isa = XCBuildConfiguration;
			baseConfigurationReference = AC67A7951EB51CEEED4F66E9 /* Pods-Currency-CurrencyUITests.release.xcconfig */;
			buildSettings = {
				ALWAYS_EMBED_SWIFT_STANDARD_LIBRARIES = YES;
				CODE_SIGN_STYLE = Automatic;
				CURRENT_PROJECT_VERSION = 1;
				DEVELOPMENT_TEAM = 346Q44X4XP;
				GENERATE_INFOPLIST_FILE = YES;
				MARKETING_VERSION = 1.0;
				PRODUCT_BUNDLE_IDENTIFIER = iti.CurrencyUITests;
				PRODUCT_NAME = "$(TARGET_NAME)";
				SWIFT_EMIT_LOC_STRINGS = NO;
				SWIFT_VERSION = 5.0;
				TARGETED_DEVICE_FAMILY = "1,2";
				TEST_TARGET_NAME = Currency;
			};
			name = Release;
		};
/* End XCBuildConfiguration section */

/* Begin XCConfigurationList section */
		7BDB1DF62A27D80B00FCB41E /* Build configuration list for PBXProject "Currency" */ = {
			isa = XCConfigurationList;
			buildConfigurations = (
				7BDB1E262A27D81A00FCB41E /* Debug */,
				7BDB1E272A27D81A00FCB41E /* Release */,
			);
			defaultConfigurationIsVisible = 0;
			defaultConfigurationName = Release;
		};
		7BDB1E282A27D81A00FCB41E /* Build configuration list for PBXNativeTarget "Currency" */ = {
			isa = XCConfigurationList;
			buildConfigurations = (
				7BDB1E292A27D81A00FCB41E /* Debug */,
				7BDB1E2A2A27D81A00FCB41E /* Release */,
			);
			defaultConfigurationIsVisible = 0;
			defaultConfigurationName = Release;
		};
		7BDB1E2B2A27D81A00FCB41E /* Build configuration list for PBXNativeTarget "CurrencyTests" */ = {
			isa = XCConfigurationList;
			buildConfigurations = (
				7BDB1E2C2A27D81A00FCB41E /* Debug */,
				7BDB1E2D2A27D81A00FCB41E /* Release */,
			);
			defaultConfigurationIsVisible = 0;
			defaultConfigurationName = Release;
		};
		7BDB1E2E2A27D81A00FCB41E /* Build configuration list for PBXNativeTarget "CurrencyUITests" */ = {
			isa = XCConfigurationList;
			buildConfigurations = (
				7BDB1E2F2A27D81A00FCB41E /* Debug */,
				7BDB1E302A27D81A00FCB41E /* Release */,
			);
			defaultConfigurationIsVisible = 0;
			defaultConfigurationName = Release;
		};
/* End XCConfigurationList section */

/* Begin XCVersionGroup section */
		7BDB1E072A27D80C00FCB41E /* Currency.xcdatamodeld */ = {
			isa = XCVersionGroup;
			children = (
				7BDB1E082A27D80C00FCB41E /* Currency.xcdatamodel */,
			);
			currentVersion = 7BDB1E082A27D80C00FCB41E /* Currency.xcdatamodel */;
			path = Currency.xcdatamodeld;
			sourceTree = "<group>";
			versionGroupType = wrapper.xcdatamodel;
		};
/* End XCVersionGroup section */
	};
	rootObject = 7BDB1DF32A27D80B00FCB41E /* Project object */;
}
